// !$*UTF8*$!
{
	archiveVersion = 1;
	classes = {
	};
	objectVersion = 46;
	objects = {

/* Begin PBXBuildFile section */
		D168C4561ED0963600F5B629 /* AppDelegate.swift in Sources */ = {isa = PBXBuildFile; fileRef = D168C4551ED0963600F5B629 /* AppDelegate.swift */; };
		D168C4581ED0963600F5B629 /* ViewController.swift in Sources */ = {isa = PBXBuildFile; fileRef = D168C4571ED0963600F5B629 /* ViewController.swift */; };
		D168C45B1ED0963600F5B629 /* Main.storyboard in Resources */ = {isa = PBXBuildFile; fileRef = D168C4591ED0963600F5B629 /* Main.storyboard */; };
		D168C45D1ED0963600F5B629 /* Assets.xcassets in Resources */ = {isa = PBXBuildFile; fileRef = D168C45C1ED0963600F5B629 /* Assets.xcassets */; };
		D168C4601ED0963600F5B629 /* LaunchScreen.storyboard in Resources */ = {isa = PBXBuildFile; fileRef = D168C45E1ED0963600F5B629 /* LaunchScreen.storyboard */; };
		D168C4681ED098DA00F5B629 /* pokemon.csv in Resources */ = {isa = PBXBuildFile; fileRef = D168C4671ED098DA00F5B629 /* pokemon.csv */; };
/* End PBXBuildFile section */

/* Begin PBXFileReference section */
		D168C4521ED0963600F5B629 /* Pokedex3.app */ = {isa = PBXFileReference; explicitFileType = wrapper.application; includeInIndex = 0; path = Pokedex3.app; sourceTree = BUILT_PRODUCTS_DIR; };
		D168C4551ED0963600F5B629 /* AppDelegate.swift */ = {isa = PBXFileReference; lastKnownFileType = sourcecode.swift; path = AppDelegate.swift; sourceTree = "<group>"; };
		D168C4571ED0963600F5B629 /* ViewController.swift */ = {isa = PBXFileReference; lastKnownFileType = sourcecode.swift; path = ViewController.swift; sourceTree = "<group>"; };
		D168C45A1ED0963600F5B629 /* Base */ = {isa = PBXFileReference; lastKnownFileType = file.storyboard; name = Base; path = Base.lproj/Main.storyboard; sourceTree = "<group>"; };
		D168C45C1ED0963600F5B629 /* Assets.xcassets */ = {isa = PBXFileReference; lastKnownFileType = folder.assetcatalog; path = Assets.xcassets; sourceTree = "<group>"; };
		D168C45F1ED0963600F5B629 /* Base */ = {isa = PBXFileReference; lastKnownFileType = file.storyboard; name = Base; path = Base.lproj/LaunchScreen.storyboard; sourceTree = "<group>"; };
		D168C4611ED0963600F5B629 /* Info.plist */ = {isa = PBXFileReference; lastKnownFileType = text.plist.xml; path = Info.plist; sourceTree = "<group>"; };
		D168C4671ED098DA00F5B629 /* pokemon.csv */ = {isa = PBXFileReference; fileEncoding = 4; lastKnownFileType = text; path = pokemon.csv; sourceTree = "<group>"; };
/* End PBXFileReference section */

/* Begin PBXFrameworksBuildPhase section */
		D168C44F1ED0963600F5B629 /* Frameworks */ = {
			isa = PBXFrameworksBuildPhase;
			buildActionMask = 2147483647;
			files = (
			);
			runOnlyForDeploymentPostprocessing = 0;
		};
/* End PBXFrameworksBuildPhase section */

/* Begin PBXGroup section */
		D168C4491ED0963600F5B629 = {
			isa = PBXGroup;
			children = (
				D168C4541ED0963600F5B629 /* Pokedex3 */,
				D168C4531ED0963600F5B629 /* Products */,
			);
			sourceTree = "<group>";
		};
		D168C4531ED0963600F5B629 /* Products */ = {
			isa = PBXGroup;
			children = (
				D168C4521ED0963600F5B629 /* Pokedex3.app */,
			);
			name = Products;
			sourceTree = "<group>";
		};
		D168C4541ED0963600F5B629 /* Pokedex3 */ = {
			isa = PBXGroup;
			children = (
				D168C4551ED0963600F5B629 /* AppDelegate.swift */,
				D168C4571ED0963600F5B629 /* ViewController.swift */,
				D168C4591ED0963600F5B629 /* Main.storyboard */,
				D168C45C1ED0963600F5B629 /* Assets.xcassets */,
				D168C4671ED098DA00F5B629 /* pokemon.csv */,
				D168C45E1ED0963600F5B629 /* LaunchScreen.storyboard */,
				D168C4611ED0963600F5B629 /* Info.plist */,
			);
			path = Pokedex3;
			sourceTree = "<group>";
		};
/* End PBXGroup section */

/* Begin PBXNativeTarget section */
		D168C4511ED0963600F5B629 /* Pokedex3 */ = {
			isa = PBXNativeTarget;
			buildConfigurationList = D168C4641ED0963600F5B629 /* Build configuration list for PBXNativeTarget "Pokedex3" */;
			buildPhases = (
				D168C44E1ED0963600F5B629 /* Sources */,
				D168C44F1ED0963600F5B629 /* Frameworks */,
				D168C4501ED0963600F5B629 /* Resources */,
			);
			buildRules = (
			);
			dependencies = (
			);
			name = Pokedex3;
			productName = Pokedex3;
			productReference = D168C4521ED0963600F5B629 /* Pokedex3.app */;
			productType = "com.apple.product-type.application";
		};
/* End PBXNativeTarget section */

/* Begin PBXProject section */
		D168C44A1ED0963600F5B629 /* Project object */ = {
			isa = PBXProject;
			attributes = {
				LastSwiftUpdateCheck = 0800;
				LastUpgradeCheck = 0800;
				ORGANIZATIONNAME = "Bittech Web Solutions";
				TargetAttributes = {
					D168C4511ED0963600F5B629 = {
						CreatedOnToolsVersion = 8.0;
						DevelopmentTeam = ZXCT28CQ2M;
						ProvisioningStyle = Automatic;
					};
				};
			};
			buildConfigurationList = D168C44D1ED0963600F5B629 /* Build configuration list for PBXProject "Pokedex3" */;
			compatibilityVersion = "Xcode 3.2";
			developmentRegion = English;
			hasScannedForEncodings = 0;
			knownRegions = (
				en,
				Base,
			);
			mainGroup = D168C4491ED0963600F5B629;
			productRefGroup = D168C4531ED0963600F5B629 /* Products */;
			projectDirPath = "";
			projectRoot = "";
			targets = (
				D168C4511ED0963600F5B629 /* Pokedex3 */,
			);
		};
/* End PBXProject section */

/* Begin PBXResourcesBuildPhase section */
		D168C4501ED0963600F5B629 /* Resources */ = {
			isa = PBXResourcesBuildPhase;
			buildActionMask = 2147483647;
			files = (
				D168C4601ED0963600F5B629 /* LaunchScreen.storyboard in Resources */,
				D168C45D1ED0963600F5B629 /* Assets.xcassets in Resources */,
				D168C4681ED098DA00F5B629 /* pokemon.csv in Resources */,
				D168C45B1ED0963600F5B629 /* Main.storyboard in Resources */,
			);
			runOnlyForDeploymentPostprocessing = 0;
		};
/* End PBXResourcesBuildPhase section */

/* Begin PBXSourcesBuildPhase section */
		D168C44E1ED0963600F5B629 /* Sources */ = {
			isa = PBXSourcesBuildPhase;
			buildActionMask = 2147483647;
			files = (
				D168C4581ED0963600F5B629 /* ViewController.swift in Sources */,
				D168C4561ED0963600F5B629 /* AppDelegate.swift in Sources */,
			);
			runOnlyForDeploymentPostprocessing = 0;
		};
/* End PBXSourcesBuildPhase section */

/* Begin PBXVariantGroup section */
		D168C4591ED0963600F5B629 /* Main.storyboard */ = {
			isa = PBXVariantGroup;
			children = (
				D168C45A1ED0963600F5B629 /* Base */,
			);
			name = Main.storyboard;
			sourceTree = "<group>";
		};
		D168C45E1ED0963600F5B629 /* LaunchScreen.storyboard */ = {
			isa = PBXVariantGroup;
			children = (
				D168C45F1ED0963600F5B629 /* Base */,
			);
			name = LaunchScreen.storyboard;
			sourceTree = "<group>";
		};
/* End PBXVariantGroup section */

/* Begin XCBuildConfiguration section */
		D168C4621ED0963600F5B629 /* Debug */ = {
			isa = XCBuildConfiguration;
			buildSettings = {
				ALWAYS_SEARCH_USER_PATHS = NO;
				CLANG_ANALYZER_NONNULL = YES;
				CLANG_CXX_LANGUAGE_STANDARD = "gnu++0x";
				CLANG_CXX_LIBRARY = "libc++";
				CLANG_ENABLE_MODULES = YES;
				CLANG_ENABLE_OBJC_ARC = YES;
				CLANG_WARN_BOOL_CONVERSION = YES;
				CLANG_WARN_CONSTANT_CONVERSION = YES;
				CLANG_WARN_DIRECT_OBJC_ISA_USAGE = YES_ERROR;
				CLANG_WARN_DOCUMENTATION_COMMENTS = YES;
				CLANG_WARN_EMPTY_BODY = YES;
				CLANG_WARN_ENUM_CONVERSION = YES;
				CLANG_WARN_INFINITE_RECURSION = YES;
				CLANG_WARN_INT_CONVERSION = YES;
				CLANG_WARN_OBJC_ROOT_CLASS = YES_ERROR;
				CLANG_WARN_SUSPICIOUS_MOVES = YES;
				CLANG_WARN_UNREACHABLE_CODE = YES;
				CLANG_WARN__DUPLICATE_METHOD_MATCH = YES;
				"CODE_SIGN_IDENTITY[sdk=iphoneos*]" = "iPhone Developer";
				COPY_PHASE_STRIP = NO;
				DEBUG_INFORMATION_FORMAT = dwarf;
				ENABLE_STRICT_OBJC_MSGSEND = YES;
				ENABLE_TESTABILITY = YES;
				GCC_C_LANGUAGE_STANDARD = gnu99;
				GCC_DYNAMIC_NO_PIC = NO;
				GCC_NO_COMMON_BLOCKS = YES;
				GCC_OPTIMIZATION_LEVEL = 0;
				GCC_PREPROCESSOR_DEFINITIONS = (
					"DEBUG=1",
					"$(inherited)",
				);
				GCC_WARN_64_TO_32_BIT_CONVERSION = YES;
				GCC_WARN_ABOUT_RETURN_TYPE = YES_ERROR;
				GCC_WARN_UNDECLARED_SELECTOR = YES;
				GCC_WARN_UNINITIALIZED_AUTOS = YES_AGGRESSIVE;
				GCC_WARN_UNUSED_FUNCTION = YES;
				GCC_WARN_UNUSED_VARIABLE = YES;
				IPHONEOS_DEPLOYMENT_TARGET = 10.0;
				MTL_ENABLE_DEBUG_INFO = YES;
				ONLY_ACTIVE_ARCH = YES;
				SDKROOT = iphoneos;
				SWIFT_ACTIVE_COMPILATION_CONDITIONS = DEBUG;
				SWIFT_OPTIMIZATION_LEVEL = "-Onone";
			};
			name = Debug;
		};
		D168C4631ED0963600F5B629 /* Release */ = {
			isa = XCBuildConfiguration;
			buildSettings = {
				ALWAYS_SEARCH_USER_PATHS = NO;
				CLANG_ANALYZER_NONNULL = YES;
				CLANG_CXX_LANGUAGE_STANDARD = "gnu++0x";
				CLANG_CXX_LIBRARY = "libc++";
				CLANG_ENABLE_MODULES = YES;
				CLANG_ENABLE_OBJC_ARC = YES;
				CLANG_WARN_BOOL_CONVERSION = YES;
				CLANG_WARN_CONSTANT_CONVERSION = YES;
				CLANG_WARN_DIRECT_OBJC_ISA_USAGE = YES_ERROR;
				CLANG_WARN_DOCUMENTATION_COMMENTS = YES;
				CLANG_WARN_EMPTY_BODY = YES;
				CLANG_WARN_ENUM_CONVERSION = YES;
				CLANG_WARN_INFINITE_RECURSION = YES;
				CLANG_WARN_INT_CONVERSION = YES;
				CLANG_WARN_OBJC_ROOT_CLASS = YES_ERROR;
				CLANG_WARN_SUSPICIOUS_MOVES = YES;
				CLANG_WARN_UNREACHABLE_CODE = YES;
				CLANG_WARN__DUPLICATE_METHOD_MATCH = YES;
				"CODE_SIGN_IDENTITY[sdk=iphoneos*]" = "iPhone Developer";
				COPY_PHASE_STRIP = NO;
				DEBUG_INFORMATION_FORMAT = "dwarf-with-dsym";
				ENABLE_NS_ASSERTIONS = NO;
				ENABLE_STRICT_OBJC_MSGSEND = YES;
				GCC_C_LANGUAGE_STANDARD = gnu99;
				GCC_NO_COMMON_BLOCKS = YES;
				GCC_WARN_64_TO_32_BIT_CONVERSION = YES;
				GCC_WARN_ABOUT_RETURN_TYPE = YES_ERROR;
				GCC_WARN_UNDECLARED_SELECTOR = YES;
				GCC_WARN_UNINITIALIZED_AUTOS = YES_AGGRESSIVE;
				GCC_WARN_UNUSED_FUNCTION = YES;
				GCC_WARN_UNUSED_VARIABLE = YES;
				IPHONEOS_DEPLOYMENT_TARGET = 10.0;
				MTL_ENABLE_DEBUG_INFO = NO;
				SDKROOT = iphoneos;
				SWIFT_OPTIMIZATION_LEVEL = "-Owholemodule";
				VALIDATE_PRODUCT = YES;
			};
			name = Release;
		};
		D168C4651ED0963600F5B629 /* Debug */ = {
			isa = XCBuildConfiguration;
			buildSettings = {
				ASSETCATALOG_COMPILER_APPICON_NAME = AppIcon;
				DEVELOPMENT_TEAM = ZXCT28CQ2M;
				INFOPLIST_FILE = Pokedex3/Info.plist;
				LD_RUNPATH_SEARCH_PATHS = "$(inherited) @executable_path/Frameworks";
				PRODUCT_BUNDLE_IDENTIFIER = com.bittechwebsolutions.Pokedex3;
				PRODUCT_NAME = "$(TARGET_NAME)";
				SWIFT_VERSION = 3.0;
			};
			name = Debug;
		};
		D168C4661ED0963600F5B629 /* Release */ = {
			isa = XCBuildConfiguration;
			buildSettings = {
				ASSETCATALOG_COMPILER_APPICON_NAME = AppIcon;
				DEVELOPMENT_TEAM = ZXCT28CQ2M;
				INFOPLIST_FILE = Pokedex3/Info.plist;
				LD_RUNPATH_SEARCH_PATHS = "$(inherited) @executable_path/Frameworks";
				PRODUCT_BUNDLE_IDENTIFIER = com.bittechwebsolutions.Pokedex3;
				PRODUCT_NAME = "$(TARGET_NAME)";
				SWIFT_VERSION = 3.0;
			};
			name = Release;
		};
/* End XCBuildConfiguration section */

/* Begin XCConfigurationList section */
		D168C44D1ED0963600F5B629 /* Build configuration list for PBXProject "Pokedex3" */ = {
			isa = XCConfigurationList;
			buildConfigurations = (
				D168C4621ED0963600F5B629 /* Debug */,
				D168C4631ED0963600F5B629 /* Release */,
			);
			defaultConfigurationIsVisible = 0;
			defaultConfigurationName = Release;
		};
		D168C4641ED0963600F5B629 /* Build configuration list for PBXNativeTarget "Pokedex3" */ = {
			isa = XCConfigurationList;
			buildConfigurations = (
				D168C4651ED0963600F5B629 /* Debug */,
				D168C4661ED0963600F5B629 /* Release */,
			);
			defaultConfigurationIsVisible = 0;
		};
/* End XCConfigurationList section */
	};
	rootObject = D168C44A1ED0963600F5B629 /* Project object */;
}
